PODS:
  - "NSObject+Rx (4.3.0)":
    - RxSwift (~> 4.0)
  - RxCocoa (4.1.2):
    - RxSwift (~> 4.0)
  - RxOptional (3.4.0):
    - RxCocoa (~> 4.0)
    - RxSwift (~> 4.0)
  - RxSwift (4.1.2)
  - WCSessionRx (1.0.0):
    - RxCocoa (~> 4.0)
    - RxSwift (~> 4.0)

DEPENDENCIES:
  - "NSObject+Rx"
  - RxOptional
  - RxSwift
  - WCSessionRx (from `https://github.com/kadarandras/wcsession_rx.git`)

SPEC REPOS:
  https://github.com/CocoaPods/Specs.git:
    - "NSObject+Rx"
    - RxCocoa
    - RxOptional
    - RxSwift

EXTERNAL SOURCES:
  WCSessionRx:
    :git: https://github.com/kadarandras/wcsession_rx.git

CHECKOUT OPTIONS:
  WCSessionRx:
    :commit: eeae77f5b1ae9c6e0588c810347da1bc5c1b7fb1
    :git: https://github.com/kadarandras/wcsession_rx.git

SPEC CHECKSUMS:
  "NSObject+Rx": 9a5eeff5e08156f849fa973514456f28eef08742
  RxCocoa: d88ba0f1f6abf040011a9eb4b539324fc426843a
  RxOptional: fabc37fc8e3cf4c336ebaeb5c92b576c64b2e6c5
  RxSwift: e49536837d9901277638493ea537394d4b55f570
  WCSessionRx: cd6a9bdd224f6cef678680daf0895c89142e74aa

PODFILE CHECKSUM: 005701153f5f860226b45ca7767c4d815baebf08

COCOAPODS: 1.5.0
